// !$*UTF8*$!
{
	archiveVersion = 1;
	classes = {
	};
	objectVersion = 46;
	objects = {

/* Begin PBXAggregateTarget section */
		E851308B1E8EBD13005BEBE9 /* Build All */ = {
			isa = PBXAggregateTarget;
			buildConfigurationList = E851308C1E8EBD13005BEBE9 /* Build configuration list for PBXAggregateTarget "Build All" */;
			buildPhases = (
			);
			dependencies = (
				E85130901E8EBD25005BEBE9 /* PBXTargetDependency */,
				E85130921E8EBD25005BEBE9 /* PBXTargetDependency */,
				E85130941E8EBD25005BEBE9 /* PBXTargetDependency */,
				E85130961E8EBD25005BEBE9 /* PBXTargetDependency */,
			);
			name = "Build All";
			productName = "Build All";
		};
/* End PBXAggregateTarget section */

/* Begin PBXBuildFile section */
		2AE806711CFDDE3200FDDB2F /* Hostess.framework in Frameworks */ = {isa = PBXBuildFile; fileRef = 2AE806661CFDDE3200FDDB2F /* Hostess.framework */; };
		E85130871E8EBC88005BEBE9 /* ifaddrs.h in Headers */ = {isa = PBXBuildFile; fileRef = E85130861E8EBC88005BEBE9 /* ifaddrs.h */; settings = {ATTRIBUTES = (Private, ); }; };
		E85130881E8EBC88005BEBE9 /* ifaddrs.h in Headers */ = {isa = PBXBuildFile; fileRef = E85130861E8EBC88005BEBE9 /* ifaddrs.h */; settings = {ATTRIBUTES = (Private, ); }; };
		E85130891E8EBC88005BEBE9 /* ifaddrs.h in Headers */ = {isa = PBXBuildFile; fileRef = E85130861E8EBC88005BEBE9 /* ifaddrs.h */; settings = {ATTRIBUTES = (Private, ); }; };
		E851308A1E8EBC88005BEBE9 /* ifaddrs.h in Headers */ = {isa = PBXBuildFile; fileRef = E85130861E8EBC88005BEBE9 /* ifaddrs.h */; settings = {ATTRIBUTES = (Private, ); }; };
		E878BC5A1E7620B400F4C97E /* Hostess.swift in Sources */ = {isa = PBXBuildFile; fileRef = E89ADB5F1E3B68FA00640A0C /* Hostess.swift */; };
		E89ADB611E3B68FA00640A0C /* Hostess.h in Headers */ = {isa = PBXBuildFile; fileRef = E89ADB5E1E3B68FA00640A0C /* Hostess.h */; settings = {ATTRIBUTES = (Public, ); }; };
		E89ADB621E3B68FA00640A0C /* Hostess.swift in Sources */ = {isa = PBXBuildFile; fileRef = E89ADB5F1E3B68FA00640A0C /* Hostess.swift */; };
		E89ADB691E3B6A6100640A0C /* Hostess.h in Headers */ = {isa = PBXBuildFile; fileRef = E89ADB5E1E3B68FA00640A0C /* Hostess.h */; settings = {ATTRIBUTES = (Public, ); }; };
		E89ADB6A1E3B6B7D00640A0C /* HostessTests.swift in Sources */ = {isa = PBXBuildFile; fileRef = E89ADB641E3B694200640A0C /* HostessTests.swift */; };
		E8A36E941E7B42A800C3A3B1 /* Hostess.swift in Sources */ = {isa = PBXBuildFile; fileRef = E89ADB5F1E3B68FA00640A0C /* Hostess.swift */; };
		E8B89E771E3C179000C61EE6 /* Hostess.swift in Sources */ = {isa = PBXBuildFile; fileRef = E89ADB5F1E3B68FA00640A0C /* Hostess.swift */; };
		E8B8D7931E8C78AB006C5A62 /* Hostess.h in Headers */ = {isa = PBXBuildFile; fileRef = E89ADB5E1E3B68FA00640A0C /* Hostess.h */; settings = {ATTRIBUTES = (Public, ); }; };
		E8B8D7941E8C78AD006C5A62 /* Hostess.h in Headers */ = {isa = PBXBuildFile; fileRef = E89ADB5E1E3B68FA00640A0C /* Hostess.h */; settings = {ATTRIBUTES = (Public, ); }; };
/* End PBXBuildFile section */

/* Begin PBXContainerItemProxy section */
		2AE806721CFDDE3200FDDB2F /* PBXContainerItemProxy */ = {
			isa = PBXContainerItemProxy;
			containerPortal = 2AE8065D1CFDDE3200FDDB2F /* Project object */;
			proxyType = 1;
			remoteGlobalIDString = 2AE806651CFDDE3200FDDB2F;
			remoteInfo = Host;
		};
		E851308F1E8EBD25005BEBE9 /* PBXContainerItemProxy */ = {
			isa = PBXContainerItemProxy;
			containerPortal = 2AE8065D1CFDDE3200FDDB2F /* Project object */;
			proxyType = 1;
			remoteGlobalIDString = 2AE806651CFDDE3200FDDB2F;
			remoteInfo = "Hostess iOS";
		};
		E85130911E8EBD25005BEBE9 /* PBXContainerItemProxy */ = {
			isa = PBXContainerItemProxy;
			containerPortal = 2AE8065D1CFDDE3200FDDB2F /* Project object */;
			proxyType = 1;
			remoteGlobalIDString = E878BC4F1E76200D00F4C97E;
			remoteInfo = "Hostess watchOS";
		};
		E85130931E8EBD25005BEBE9 /* PBXContainerItemProxy */ = {
			isa = PBXContainerItemProxy;
			containerPortal = 2AE8065D1CFDDE3200FDDB2F /* Project object */;
			proxyType = 1;
			remoteGlobalIDString = 2AB7ACCF1D5352EF00A5F64A;
			remoteInfo = "Hostess macOS";
		};
		E85130951E8EBD25005BEBE9 /* PBXContainerItemProxy */ = {
			isa = PBXContainerItemProxy;
			containerPortal = 2AE8065D1CFDDE3200FDDB2F /* Project object */;
			proxyType = 1;
			remoteGlobalIDString = E8A36E891E7B41A100C3A3B1;
			remoteInfo = "Hostess tvOS";
		};
/* End PBXContainerItemProxy section */

/* Begin PBXFileReference section */
		2AB7ACD01D5352EF00A5F64A /* Hostess.framework */ = {isa = PBXFileReference; explicitFileType = wrapper.framework; includeInIndex = 0; path = Hostess.framework; sourceTree = BUILT_PRODUCTS_DIR; };
		2AE806661CFDDE3200FDDB2F /* Hostess.framework */ = {isa = PBXFileReference; explicitFileType = wrapper.framework; includeInIndex = 0; path = Hostess.framework; sourceTree = BUILT_PRODUCTS_DIR; };
		2AE806701CFDDE3200FDDB2F /* HostessTests.xctest */ = {isa = PBXFileReference; explicitFileType = wrapper.cfbundle; includeInIndex = 0; path = HostessTests.xctest; sourceTree = BUILT_PRODUCTS_DIR; };
		2AE806A71CFDE62700FDDB2F /* Hostess.xcconfig */ = {isa = PBXFileReference; lastKnownFileType = text.xcconfig; path = Hostess.xcconfig; sourceTree = "<group>"; };
		E85130811E8EB6E6005BEBE9 /* custom-hostess-proxy.modulemap */ = {isa = PBXFileReference; lastKnownFileType = "sourcecode.module-map"; name = "custom-hostess-proxy.modulemap"; path = "Maps/custom-hostess-proxy.modulemap"; sourceTree = "<group>"; };
		E85130861E8EBC88005BEBE9 /* ifaddrs.h */ = {isa = PBXFileReference; fileEncoding = 4; lastKnownFileType = sourcecode.c.h; name = ifaddrs.h; path = Hostess/ProxyHeaders/ifaddrs.h; sourceTree = "<group>"; };
		E878BC501E76200D00F4C97E /* Hostess.framework */ = {isa = PBXFileReference; explicitFileType = wrapper.framework; includeInIndex = 0; path = Hostess.framework; sourceTree = BUILT_PRODUCTS_DIR; };
		E89ADB5E1E3B68FA00640A0C /* Hostess.h */ = {isa = PBXFileReference; fileEncoding = 4; lastKnownFileType = sourcecode.c.h; name = Hostess.h; path = Hostess/Hostess.h; sourceTree = SOURCE_ROOT; };
		E89ADB5F1E3B68FA00640A0C /* Hostess.swift */ = {isa = PBXFileReference; fileEncoding = 4; lastKnownFileType = sourcecode.swift; name = Hostess.swift; path = Hostess/Hostess.swift; sourceTree = SOURCE_ROOT; };
		E89ADB641E3B694200640A0C /* HostessTests.swift */ = {isa = PBXFileReference; fileEncoding = 4; lastKnownFileType = sourcecode.swift; name = HostessTests.swift; path = HostessTests/HostessTests.swift; sourceTree = SOURCE_ROOT; };
		E89ADB651E3B694200640A0C /* Info.plist */ = {isa = PBXFileReference; fileEncoding = 4; lastKnownFileType = text.plist.xml; name = Info.plist; path = HostessTests/Info.plist; sourceTree = SOURCE_ROOT; };
		E8A36E8A1E7B41A100C3A3B1 /* Hostess.framework */ = {isa = PBXFileReference; explicitFileType = wrapper.framework; includeInIndex = 0; path = Hostess.framework; sourceTree = BUILT_PRODUCTS_DIR; };
		E8B8D7831E8C6B80006C5A62 /* custom-hostess-watchsimulator.modulemap */ = {isa = PBXFileReference; lastKnownFileType = "sourcecode.module-map"; name = "custom-hostess-watchsimulator.modulemap"; path = "Maps/custom-hostess-watchsimulator.modulemap"; sourceTree = "<group>"; };
		E8B8D7841E8C6B80006C5A62 /* custom-hostess-watchos.modulemap */ = {isa = PBXFileReference; lastKnownFileType = "sourcecode.module-map"; name = "custom-hostess-watchos.modulemap"; path = "Maps/custom-hostess-watchos.modulemap"; sourceTree = "<group>"; };
		E8B8D7851E8C6B80006C5A62 /* custom-hostess-macosx.modulemap */ = {isa = PBXFileReference; lastKnownFileType = "sourcecode.module-map"; name = "custom-hostess-macosx.modulemap"; path = "Maps/custom-hostess-macosx.modulemap"; sourceTree = "<group>"; };
		E8B8D7861E8C6B80006C5A62 /* custom-hostess-iphonesimulator.modulemap */ = {isa = PBXFileReference; lastKnownFileType = "sourcecode.module-map"; name = "custom-hostess-iphonesimulator.modulemap"; path = "Maps/custom-hostess-iphonesimulator.modulemap"; sourceTree = "<group>"; };
		E8B8D7871E8C6B80006C5A62 /* custom-hostess-iphoneos.modulemap */ = {isa = PBXFileReference; lastKnownFileType = "sourcecode.module-map"; name = "custom-hostess-iphoneos.modulemap"; path = "Maps/custom-hostess-iphoneos.modulemap"; sourceTree = "<group>"; };
		E8B8D7881E8C6B80006C5A62 /* custom-hostess-appletvsimulator.modulemap */ = {isa = PBXFileReference; lastKnownFileType = "sourcecode.module-map"; name = "custom-hostess-appletvsimulator.modulemap"; path = "Maps/custom-hostess-appletvsimulator.modulemap"; sourceTree = "<group>"; };
		E8B8D7891E8C6B80006C5A62 /* custom-hostess-appletvos.modulemap */ = {isa = PBXFileReference; lastKnownFileType = "sourcecode.module-map"; name = "custom-hostess-appletvos.modulemap"; path = "Maps/custom-hostess-appletvos.modulemap"; sourceTree = "<group>"; };
		E8B8D78E1E8C701A006C5A62 /* Info-iOS.plist */ = {isa = PBXFileReference; lastKnownFileType = text.plist.xml; name = "Info-iOS.plist"; path = "Hostess/Info-iOS.plist"; sourceTree = "<group>"; };
		E8B8D78F1E8C701A006C5A62 /* Info-macOS.plist */ = {isa = PBXFileReference; lastKnownFileType = text.plist.xml; name = "Info-macOS.plist"; path = "Hostess/Info-macOS.plist"; sourceTree = "<group>"; };
		E8B8D7901E8C701A006C5A62 /* Info-tvOS.plist */ = {isa = PBXFileReference; lastKnownFileType = text.plist.xml; name = "Info-tvOS.plist"; path = "Hostess/Info-tvOS.plist"; sourceTree = "<group>"; };
		E8B8D7911E8C701A006C5A62 /* Info-watchOS.plist */ = {isa = PBXFileReference; lastKnownFileType = text.plist.xml; name = "Info-watchOS.plist"; path = "Hostess/Info-watchOS.plist"; sourceTree = "<group>"; };
/* End PBXFileReference section */

/* Begin PBXFrameworksBuildPhase section */
		2AB7ACCC1D5352EF00A5F64A /* Frameworks */ = {
			isa = PBXFrameworksBuildPhase;
			buildActionMask = 2147483647;
			files = (
			);
			runOnlyForDeploymentPostprocessing = 0;
		};
		2AE806621CFDDE3200FDDB2F /* Frameworks */ = {
			isa = PBXFrameworksBuildPhase;
			buildActionMask = 2147483647;
			files = (
			);
			runOnlyForDeploymentPostprocessing = 0;
		};
		2AE8066D1CFDDE3200FDDB2F /* Frameworks */ = {
			isa = PBXFrameworksBuildPhase;
			buildActionMask = 2147483647;
			files = (
				2AE806711CFDDE3200FDDB2F /* Hostess.framework in Frameworks */,
			);
			runOnlyForDeploymentPostprocessing = 0;
		};
		E878BC4C1E76200D00F4C97E /* Frameworks */ = {
			isa = PBXFrameworksBuildPhase;
			buildActionMask = 2147483647;
			files = (
			);
			runOnlyForDeploymentPostprocessing = 0;
		};
		E8A36E861E7B41A100C3A3B1 /* Frameworks */ = {
			isa = PBXFrameworksBuildPhase;
			buildActionMask = 2147483647;
			files = (
			);
			runOnlyForDeploymentPostprocessing = 0;
		};
/* End PBXFrameworksBuildPhase section */

/* Begin PBXGroup section */
		2AE8065C1CFDDE3200FDDB2F = {
			isa = PBXGroup;
			children = (
				2AE806681CFDDE3200FDDB2F /* Hostess */,
				2AE806741CFDDE3200FDDB2F /* HostTests */,
				2AE806841CFDE04200FDDB2F /* Supporting Files */,
				2AE806671CFDDE3200FDDB2F /* Products */,
			);
			sourceTree = "<group>";
		};
		2AE806671CFDDE3200FDDB2F /* Products */ = {
			isa = PBXGroup;
			children = (
				2AE806661CFDDE3200FDDB2F /* Hostess.framework */,
				2AE806701CFDDE3200FDDB2F /* HostessTests.xctest */,
				2AB7ACD01D5352EF00A5F64A /* Hostess.framework */,
				E878BC501E76200D00F4C97E /* Hostess.framework */,
				E8A36E8A1E7B41A100C3A3B1 /* Hostess.framework */,
			);
			name = Products;
			sourceTree = "<group>";
		};
		2AE806681CFDDE3200FDDB2F /* Hostess */ = {
			isa = PBXGroup;
			children = (
				E89ADB5E1E3B68FA00640A0C /* Hostess.h */,
				E89ADB5F1E3B68FA00640A0C /* Hostess.swift */,
			);
			name = Hostess;
			path = Host;
			sourceTree = "<group>";
		};
		2AE806741CFDDE3200FDDB2F /* HostTests */ = {
			isa = PBXGroup;
			children = (
				E89ADB641E3B694200640A0C /* HostessTests.swift */,
				E89ADB651E3B694200640A0C /* Info.plist */,
			);
			path = HostTests;
			sourceTree = "<group>";
		};
		2AE806841CFDE04200FDDB2F /* Supporting Files */ = {
			isa = PBXGroup;
			children = (
				E8B8D78E1E8C701A006C5A62 /* Info-iOS.plist */,
				E8B8D78F1E8C701A006C5A62 /* Info-macOS.plist */,
				E8B8D7901E8C701A006C5A62 /* Info-tvOS.plist */,
				E8B8D7911E8C701A006C5A62 /* Info-watchOS.plist */,
				2AE806A71CFDE62700FDDB2F /* Hostess.xcconfig */,
				E8B8D7831E8C6B80006C5A62 /* custom-hostess-watchsimulator.modulemap */,
				E8B8D7841E8C6B80006C5A62 /* custom-hostess-watchos.modulemap */,
				E8B8D7851E8C6B80006C5A62 /* custom-hostess-macosx.modulemap */,
				E8B8D7861E8C6B80006C5A62 /* custom-hostess-iphonesimulator.modulemap */,
				E8B8D7871E8C6B80006C5A62 /* custom-hostess-iphoneos.modulemap */,
				E8B8D7881E8C6B80006C5A62 /* custom-hostess-appletvsimulator.modulemap */,
				E8B8D7891E8C6B80006C5A62 /* custom-hostess-appletvos.modulemap */,
				E85130811E8EB6E6005BEBE9 /* custom-hostess-proxy.modulemap */,
				E85130861E8EBC88005BEBE9 /* ifaddrs.h */,
			);
			name = "Supporting Files";
			sourceTree = "<group>";
		};
/* End PBXGroup section */

/* Begin PBXHeadersBuildPhase section */
		2AB7ACCD1D5352EF00A5F64A /* Headers */ = {
			isa = PBXHeadersBuildPhase;
			buildActionMask = 2147483647;
			files = (
				E85130891E8EBC88005BEBE9 /* ifaddrs.h in Headers */,
				E89ADB691E3B6A6100640A0C /* Hostess.h in Headers */,
			);
			runOnlyForDeploymentPostprocessing = 0;
		};
		2AE806631CFDDE3200FDDB2F /* Headers */ = {
			isa = PBXHeadersBuildPhase;
			buildActionMask = 2147483647;
			files = (
				E85130871E8EBC88005BEBE9 /* ifaddrs.h in Headers */,
				E89ADB611E3B68FA00640A0C /* Hostess.h in Headers */,
			);
			runOnlyForDeploymentPostprocessing = 0;
		};
		E878BC4D1E76200D00F4C97E /* Headers */ = {
			isa = PBXHeadersBuildPhase;
			buildActionMask = 2147483647;
			files = (
				E85130881E8EBC88005BEBE9 /* ifaddrs.h in Headers */,
				E8B8D7931E8C78AB006C5A62 /* Hostess.h in Headers */,
			);
			runOnlyForDeploymentPostprocessing = 0;
		};
		E8A36E871E7B41A100C3A3B1 /* Headers */ = {
			isa = PBXHeadersBuildPhase;
			buildActionMask = 2147483647;
			files = (
				E851308A1E8EBC88005BEBE9 /* ifaddrs.h in Headers */,
				E8B8D7941E8C78AD006C5A62 /* Hostess.h in Headers */,
			);
			runOnlyForDeploymentPostprocessing = 0;
		};
/* End PBXHeadersBuildPhase section */

/* Begin PBXNativeTarget section */
		2AB7ACCF1D5352EF00A5F64A /* Hostess macOS */ = {
			isa = PBXNativeTarget;
			buildConfigurationList = 2AB7ACD71D5352EF00A5F64A /* Build configuration list for PBXNativeTarget "Hostess macOS" */;
			buildPhases = (
				2AB7ACCB1D5352EF00A5F64A /* Sources */,
				2AB7ACCC1D5352EF00A5F64A /* Frameworks */,
				2AB7ACCD1D5352EF00A5F64A /* Headers */,
				2AB7ACCE1D5352EF00A5F64A /* Resources */,
			);
			buildRules = (
			);
			dependencies = (
			);
			name = "Hostess macOS";
			productName = "Host macOS";
			productReference = 2AB7ACD01D5352EF00A5F64A /* Hostess.framework */;
			productType = "com.apple.product-type.framework";
		};
		2AE806651CFDDE3200FDDB2F /* Hostess iOS */ = {
			isa = PBXNativeTarget;
			buildConfigurationList = 2AE8067A1CFDDE3200FDDB2F /* Build configuration list for PBXNativeTarget "Hostess iOS" */;
			buildPhases = (
				2AE806611CFDDE3200FDDB2F /* Sources */,
				2AE806621CFDDE3200FDDB2F /* Frameworks */,
				2AE806631CFDDE3200FDDB2F /* Headers */,
			);
			buildRules = (
			);
			dependencies = (
			);
			name = "Hostess iOS";
			productName = Host;
			productReference = 2AE806661CFDDE3200FDDB2F /* Hostess.framework */;
			productType = "com.apple.product-type.framework";
		};
		2AE8066F1CFDDE3200FDDB2F /* HostessTests */ = {
			isa = PBXNativeTarget;
			buildConfigurationList = 2AE8067D1CFDDE3200FDDB2F /* Build configuration list for PBXNativeTarget "HostessTests" */;
			buildPhases = (
				2AE8066C1CFDDE3200FDDB2F /* Sources */,
				2AE8066D1CFDDE3200FDDB2F /* Frameworks */,
				2AE8066E1CFDDE3200FDDB2F /* Resources */,
			);
			buildRules = (
			);
			dependencies = (
				2AE806731CFDDE3200FDDB2F /* PBXTargetDependency */,
			);
			name = HostessTests;
			productName = HostTests;
			productReference = 2AE806701CFDDE3200FDDB2F /* HostessTests.xctest */;
			productType = "com.apple.product-type.bundle.unit-test";
		};
		E878BC4F1E76200D00F4C97E /* Hostess watchOS */ = {
			isa = PBXNativeTarget;
			buildConfigurationList = E878BC551E76200D00F4C97E /* Build configuration list for PBXNativeTarget "Hostess watchOS" */;
			buildPhases = (
				E878BC4B1E76200D00F4C97E /* Sources */,
				E878BC4C1E76200D00F4C97E /* Frameworks */,
				E878BC4D1E76200D00F4C97E /* Headers */,
				E878BC4E1E76200D00F4C97E /* Resources */,
			);
			buildRules = (
			);
			dependencies = (
			);
			name = "Hostess watchOS";
			productName = Hostess;
			productReference = E878BC501E76200D00F4C97E /* Hostess.framework */;
			productType = "com.apple.product-type.framework";
		};
		E8A36E891E7B41A100C3A3B1 /* Hostess tvOS */ = {
			isa = PBXNativeTarget;
			buildConfigurationList = E8A36E931E7B41A100C3A3B1 /* Build configuration list for PBXNativeTarget "Hostess tvOS" */;
			buildPhases = (
				E8A36E851E7B41A100C3A3B1 /* Sources */,
				E8A36E861E7B41A100C3A3B1 /* Frameworks */,
				E8A36E871E7B41A100C3A3B1 /* Headers */,
				E8A36E881E7B41A100C3A3B1 /* Resources */,
			);
			buildRules = (
			);
			dependencies = (
			);
			name = "Hostess tvOS";
			productName = Hostess;
			productReference = E8A36E8A1E7B41A100C3A3B1 /* Hostess.framework */;
			productType = "com.apple.product-type.framework";
		};
/* End PBXNativeTarget section */

/* Begin PBXProject section */
		2AE8065D1CFDDE3200FDDB2F /* Project object */ = {
			isa = PBXProject;
			attributes = {
				LastSwiftUpdateCheck = 0730;
				LastUpgradeCheck = 0900;
				ORGANIZATIONNAME = "Richard Stelling";
				TargetAttributes = {
					2AB7ACCF1D5352EF00A5F64A = {
						CreatedOnToolsVersion = 7.3.1;
						LastSwiftMigration = 0820;
					};
					2AE806651CFDDE3200FDDB2F = {
						CreatedOnToolsVersion = 7.3.1;
						LastSwiftMigration = 0830;
					};
					2AE8066F1CFDDE3200FDDB2F = {
						CreatedOnToolsVersion = 7.3.1;
						DevelopmentTeam = 67BU7Q9MHN;
						LastSwiftMigration = 0830;
					};
					E851308B1E8EBD13005BEBE9 = {
						CreatedOnToolsVersion = 8.2.1;
						DevelopmentTeam = 67BU7Q9MHN;
						ProvisioningStyle = Automatic;
					};
					E878BC4F1E76200D00F4C97E = {
						CreatedOnToolsVersion = 8.3;
						ProvisioningStyle = Manual;
					};
					E8A36E891E7B41A100C3A3B1 = {
						CreatedOnToolsVersion = 8.3;
						ProvisioningStyle = Manual;
					};
				};
			};
			buildConfigurationList = 2AE806601CFDDE3200FDDB2F /* Build configuration list for PBXProject "Hostess" */;
			compatibilityVersion = "Xcode 3.2";
			developmentRegion = English;
			hasScannedForEncodings = 0;
			knownRegions = (
				en,
			);
			mainGroup = 2AE8065C1CFDDE3200FDDB2F;
			productRefGroup = 2AE806671CFDDE3200FDDB2F /* Products */;
			projectDirPath = "";
			projectRoot = "";
			targets = (
				E851308B1E8EBD13005BEBE9 /* Build All */,
				2AE806651CFDDE3200FDDB2F /* Hostess iOS */,
				E878BC4F1E76200D00F4C97E /* Hostess watchOS */,
				2AB7ACCF1D5352EF00A5F64A /* Hostess macOS */,
				E8A36E891E7B41A100C3A3B1 /* Hostess tvOS */,
				2AE8066F1CFDDE3200FDDB2F /* HostessTests */,
			);
		};
/* End PBXProject section */

/* Begin PBXResourcesBuildPhase section */
		2AB7ACCE1D5352EF00A5F64A /* Resources */ = {
			isa = PBXResourcesBuildPhase;
			buildActionMask = 2147483647;
			files = (
			);
			runOnlyForDeploymentPostprocessing = 0;
		};
		2AE8066E1CFDDE3200FDDB2F /* Resources */ = {
			isa = PBXResourcesBuildPhase;
			buildActionMask = 2147483647;
			files = (
			);
			runOnlyForDeploymentPostprocessing = 0;
		};
		E878BC4E1E76200D00F4C97E /* Resources */ = {
			isa = PBXResourcesBuildPhase;
			buildActionMask = 2147483647;
			files = (
			);
			runOnlyForDeploymentPostprocessing = 0;
		};
		E8A36E881E7B41A100C3A3B1 /* Resources */ = {
			isa = PBXResourcesBuildPhase;
			buildActionMask = 2147483647;
			files = (
			);
			runOnlyForDeploymentPostprocessing = 0;
		};
/* End PBXResourcesBuildPhase section */

/* Begin PBXSourcesBuildPhase section */
		2AB7ACCB1D5352EF00A5F64A /* Sources */ = {
			isa = PBXSourcesBuildPhase;
			buildActionMask = 2147483647;
			files = (
				E8B89E771E3C179000C61EE6 /* Hostess.swift in Sources */,
			);
			runOnlyForDeploymentPostprocessing = 0;
		};
		2AE806611CFDDE3200FDDB2F /* Sources */ = {
			isa = PBXSourcesBuildPhase;
			buildActionMask = 2147483647;
			files = (
				E89ADB621E3B68FA00640A0C /* Hostess.swift in Sources */,
			);
			runOnlyForDeploymentPostprocessing = 0;
		};
		2AE8066C1CFDDE3200FDDB2F /* Sources */ = {
			isa = PBXSourcesBuildPhase;
			buildActionMask = 2147483647;
			files = (
				E89ADB6A1E3B6B7D00640A0C /* HostessTests.swift in Sources */,
			);
			runOnlyForDeploymentPostprocessing = 0;
		};
		E878BC4B1E76200D00F4C97E /* Sources */ = {
			isa = PBXSourcesBuildPhase;
			buildActionMask = 2147483647;
			files = (
				E878BC5A1E7620B400F4C97E /* Hostess.swift in Sources */,
			);
			runOnlyForDeploymentPostprocessing = 0;
		};
		E8A36E851E7B41A100C3A3B1 /* Sources */ = {
			isa = PBXSourcesBuildPhase;
			buildActionMask = 2147483647;
			files = (
				E8A36E941E7B42A800C3A3B1 /* Hostess.swift in Sources */,
			);
			runOnlyForDeploymentPostprocessing = 0;
		};
/* End PBXSourcesBuildPhase section */

/* Begin PBXTargetDependency section */
		2AE806731CFDDE3200FDDB2F /* PBXTargetDependency */ = {
			isa = PBXTargetDependency;
			target = 2AE806651CFDDE3200FDDB2F /* Hostess iOS */;
			targetProxy = 2AE806721CFDDE3200FDDB2F /* PBXContainerItemProxy */;
		};
		E85130901E8EBD25005BEBE9 /* PBXTargetDependency */ = {
			isa = PBXTargetDependency;
			target = 2AE806651CFDDE3200FDDB2F /* Hostess iOS */;
			targetProxy = E851308F1E8EBD25005BEBE9 /* PBXContainerItemProxy */;
		};
		E85130921E8EBD25005BEBE9 /* PBXTargetDependency */ = {
			isa = PBXTargetDependency;
			target = E878BC4F1E76200D00F4C97E /* Hostess watchOS */;
			targetProxy = E85130911E8EBD25005BEBE9 /* PBXContainerItemProxy */;
		};
		E85130941E8EBD25005BEBE9 /* PBXTargetDependency */ = {
			isa = PBXTargetDependency;
			target = 2AB7ACCF1D5352EF00A5F64A /* Hostess macOS */;
			targetProxy = E85130931E8EBD25005BEBE9 /* PBXContainerItemProxy */;
		};
		E85130961E8EBD25005BEBE9 /* PBXTargetDependency */ = {
			isa = PBXTargetDependency;
			target = E8A36E891E7B41A100C3A3B1 /* Hostess tvOS */;
			targetProxy = E85130951E8EBD25005BEBE9 /* PBXContainerItemProxy */;
		};
/* End PBXTargetDependency section */

/* Begin XCBuildConfiguration section */
		2AB7ACD51D5352EF00A5F64A /* Debug */ = {
			isa = XCBuildConfiguration;
			baseConfigurationReference = 2AE806A71CFDE62700FDDB2F /* Hostess.xcconfig */;
			buildSettings = {
				CODE_SIGN_IDENTITY = "-";
				COMBINE_HIDPI_IMAGES = YES;
				DEFINES_MODULE = YES;
				DYLIB_COMPATIBILITY_VERSION = 1;
				DYLIB_CURRENT_VERSION = 1;
				DYLIB_INSTALL_NAME_BASE = "@rpath";
				FRAMEWORK_VERSION = A;
				INFOPLIST_FILE = "Hostess/Info-macOS.plist";
				INSTALL_PATH = "$(LOCAL_LIBRARY_DIR)/Frameworks";
				LD_RUNPATH_SEARCH_PATHS = "$(inherited) @executable_path/../Frameworks @loader_path/Frameworks";
				MACOSX_DEPLOYMENT_TARGET = 10.11;
				PRODUCT_BUNDLE_IDENTIFIER = "com.empiricalmagic.Hostess-macOS";
				PRODUCT_NAME = Hostess;
				SDKROOT = macosx;
				SKIP_INSTALL = YES;
				SWIFT_VERSION = 3.0;
			};
			name = Debug;
		};
		2AB7ACD61D5352EF00A5F64A /* Release */ = {
			isa = XCBuildConfiguration;
			baseConfigurationReference = 2AE806A71CFDE62700FDDB2F /* Hostess.xcconfig */;
			buildSettings = {
				CODE_SIGN_IDENTITY = "-";
				COMBINE_HIDPI_IMAGES = YES;
				DEFINES_MODULE = YES;
				DYLIB_COMPATIBILITY_VERSION = 1;
				DYLIB_CURRENT_VERSION = 1;
				DYLIB_INSTALL_NAME_BASE = "@rpath";
				FRAMEWORK_VERSION = A;
				INFOPLIST_FILE = "Hostess/Info-macOS.plist";
				INSTALL_PATH = "$(LOCAL_LIBRARY_DIR)/Frameworks";
				LD_RUNPATH_SEARCH_PATHS = "$(inherited) @executable_path/../Frameworks @loader_path/Frameworks";
				MACOSX_DEPLOYMENT_TARGET = 10.11;
				PRODUCT_BUNDLE_IDENTIFIER = "com.empiricalmagic.Hostess-macOS";
				PRODUCT_NAME = Hostess;
				SDKROOT = macosx;
				SKIP_INSTALL = YES;
				SWIFT_VERSION = 3.0;
			};
			name = Release;
		};
		2AE806781CFDDE3200FDDB2F /* Debug */ = {
			isa = XCBuildConfiguration;
			buildSettings = {
				ALWAYS_SEARCH_USER_PATHS = NO;
				CLANG_ANALYZER_NONNULL = YES;
				CLANG_CXX_LANGUAGE_STANDARD = "gnu++0x";
				CLANG_CXX_LIBRARY = "libc++";
				CLANG_ENABLE_MODULES = YES;
				CLANG_ENABLE_OBJC_ARC = YES;
				CLANG_WARN_BLOCK_CAPTURE_AUTORELEASING = YES;
				CLANG_WARN_BOOL_CONVERSION = YES;
				CLANG_WARN_COMMA = YES;
				CLANG_WARN_CONSTANT_CONVERSION = YES;
				CLANG_WARN_DIRECT_OBJC_ISA_USAGE = YES_ERROR;
				CLANG_WARN_EMPTY_BODY = YES;
				CLANG_WARN_ENUM_CONVERSION = YES;
				CLANG_WARN_INFINITE_RECURSION = YES;
				CLANG_WARN_INT_CONVERSION = YES;
				CLANG_WARN_NON_LITERAL_NULL_CONVERSION = YES;
				CLANG_WARN_OBJC_LITERAL_CONVERSION = YES;
				CLANG_WARN_OBJC_ROOT_CLASS = YES_ERROR;
				CLANG_WARN_RANGE_LOOP_ANALYSIS = YES;
				CLANG_WARN_STRICT_PROTOTYPES = YES;
				CLANG_WARN_SUSPICIOUS_MOVE = YES;
				CLANG_WARN_UNREACHABLE_CODE = YES;
				CLANG_WARN__DUPLICATE_METHOD_MATCH = YES;
				"CODE_SIGN_IDENTITY[sdk=iphoneos*]" = "iPhone Developer";
				COPY_PHASE_STRIP = NO;
				CURRENT_PROJECT_VERSION = 1;
				DEBUG_INFORMATION_FORMAT = dwarf;
				ENABLE_STRICT_OBJC_MSGSEND = YES;
				ENABLE_TESTABILITY = YES;
				GCC_C_LANGUAGE_STANDARD = gnu99;
				GCC_DYNAMIC_NO_PIC = NO;
				GCC_NO_COMMON_BLOCKS = YES;
				GCC_OPTIMIZATION_LEVEL = 0;
				GCC_PREPROCESSOR_DEFINITIONS = (
					"DEBUG=1",
					"$(inherited)",
				);
				GCC_WARN_64_TO_32_BIT_CONVERSION = YES;
				GCC_WARN_ABOUT_RETURN_TYPE = YES_ERROR;
				GCC_WARN_UNDECLARED_SELECTOR = YES;
				GCC_WARN_UNINITIALIZED_AUTOS = YES_AGGRESSIVE;
				GCC_WARN_UNUSED_FUNCTION = YES;
				GCC_WARN_UNUSED_VARIABLE = YES;
				INFOPLIST_FILE = "Hostess/Info-${PLATFORM_NAME:lower}.plist";
				IPHONEOS_DEPLOYMENT_TARGET = 9.3;
				MACOSX_DEPLOYMENT_TARGET = 10.11;
				MTL_ENABLE_DEBUG_INFO = YES;
				ONLY_ACTIVE_ARCH = YES;
				PRODUCT_NAME = Host;
				SDKROOT = iphoneos;
				SWIFT_OPTIMIZATION_LEVEL = "-Onone";
				SWIFT_VERSION = 2.3;
				TARGETED_DEVICE_FAMILY = "1,2";
				VERSIONING_SYSTEM = "apple-generic";
				VERSION_INFO_PREFIX = "";
			};
			name = Debug;
		};
		2AE806791CFDDE3200FDDB2F /* Release */ = {
			isa = XCBuildConfiguration;
			buildSettings = {
				ALWAYS_SEARCH_USER_PATHS = NO;
				CLANG_ANALYZER_NONNULL = YES;
				CLANG_CXX_LANGUAGE_STANDARD = "gnu++0x";
				CLANG_CXX_LIBRARY = "libc++";
				CLANG_ENABLE_MODULES = YES;
				CLANG_ENABLE_OBJC_ARC = YES;
				CLANG_WARN_BLOCK_CAPTURE_AUTORELEASING = YES;
				CLANG_WARN_BOOL_CONVERSION = YES;
				CLANG_WARN_COMMA = YES;
				CLANG_WARN_CONSTANT_CONVERSION = YES;
				CLANG_WARN_DIRECT_OBJC_ISA_USAGE = YES_ERROR;
				CLANG_WARN_EMPTY_BODY = YES;
				CLANG_WARN_ENUM_CONVERSION = YES;
				CLANG_WARN_INFINITE_RECURSION = YES;
				CLANG_WARN_INT_CONVERSION = YES;
				CLANG_WARN_NON_LITERAL_NULL_CONVERSION = YES;
				CLANG_WARN_OBJC_LITERAL_CONVERSION = YES;
				CLANG_WARN_OBJC_ROOT_CLASS = YES_ERROR;
				CLANG_WARN_RANGE_LOOP_ANALYSIS = YES;
				CLANG_WARN_STRICT_PROTOTYPES = YES;
				CLANG_WARN_SUSPICIOUS_MOVE = YES;
				CLANG_WARN_UNREACHABLE_CODE = YES;
				CLANG_WARN__DUPLICATE_METHOD_MATCH = YES;
				"CODE_SIGN_IDENTITY[sdk=iphoneos*]" = "iPhone Developer";
				COPY_PHASE_STRIP = NO;
				CURRENT_PROJECT_VERSION = 1;
				DEBUG_INFORMATION_FORMAT = "dwarf-with-dsym";
				ENABLE_NS_ASSERTIONS = NO;
				ENABLE_STRICT_OBJC_MSGSEND = YES;
				GCC_C_LANGUAGE_STANDARD = gnu99;
				GCC_NO_COMMON_BLOCKS = YES;
				GCC_WARN_64_TO_32_BIT_CONVERSION = YES;
				GCC_WARN_ABOUT_RETURN_TYPE = YES_ERROR;
				GCC_WARN_UNDECLARED_SELECTOR = YES;
				GCC_WARN_UNINITIALIZED_AUTOS = YES_AGGRESSIVE;
				GCC_WARN_UNUSED_FUNCTION = YES;
				GCC_WARN_UNUSED_VARIABLE = YES;
				INFOPLIST_FILE = "Hostess/Info-${PLATFORM_NAME:lower}.plist";
				IPHONEOS_DEPLOYMENT_TARGET = 9.3;
				MACOSX_DEPLOYMENT_TARGET = 10.11;
				MTL_ENABLE_DEBUG_INFO = NO;
				PRODUCT_NAME = Host;
				SDKROOT = iphoneos;
				SWIFT_OPTIMIZATION_LEVEL = "-Owholemodule";
				SWIFT_VERSION = 2.3;
				TARGETED_DEVICE_FAMILY = "1,2";
				VALIDATE_PRODUCT = YES;
				VERSIONING_SYSTEM = "apple-generic";
				VERSION_INFO_PREFIX = "";
			};
			name = Release;
		};
		2AE8067B1CFDDE3200FDDB2F /* Debug */ = {
			isa = XCBuildConfiguration;
			baseConfigurationReference = 2AE806A71CFDE62700FDDB2F /* Hostess.xcconfig */;
			buildSettings = {
				APPLICATION_EXTENSION_API_ONLY = YES;
				CLANG_ENABLE_MODULES = YES;
				"CODE_SIGN_IDENTITY[sdk=iphoneos*]" = "";
				DEFINES_MODULE = YES;
				DYLIB_COMPATIBILITY_VERSION = 1;
				DYLIB_CURRENT_VERSION = 1;
				DYLIB_INSTALL_NAME_BASE = "@rpath";
				INFOPLIST_FILE = "Hostess/Info-iOS.plist";
				INSTALL_PATH = "$(LOCAL_LIBRARY_DIR)/Frameworks";
				LD_RUNPATH_SEARCH_PATHS = "$(inherited) @executable_path/Frameworks @loader_path/Frameworks";
				MODULEMAP_FILE = "$(inherited)";
				PRODUCT_BUNDLE_IDENTIFIER = com.empiricalmagic.Hostess;
				PRODUCT_NAME = Hostess;
				SKIP_INSTALL = YES;
				SWIFT_OBJC_INTERFACE_HEADER_NAME = "$(SWIFT_MODULE_NAME)-Swift.h";
				SWIFT_OPTIMIZATION_LEVEL = "-Onone";
				SWIFT_VERSION = 3.0;
			};
			name = Debug;
		};
		2AE8067C1CFDDE3200FDDB2F /* Release */ = {
			isa = XCBuildConfiguration;
			baseConfigurationReference = 2AE806A71CFDE62700FDDB2F /* Hostess.xcconfig */;
			buildSettings = {
				APPLICATION_EXTENSION_API_ONLY = YES;
				CLANG_ENABLE_MODULES = YES;
				"CODE_SIGN_IDENTITY[sdk=iphoneos*]" = "";
				DEFINES_MODULE = YES;
				DYLIB_COMPATIBILITY_VERSION = 1;
				DYLIB_CURRENT_VERSION = 1;
				DYLIB_INSTALL_NAME_BASE = "@rpath";
				INFOPLIST_FILE = "Hostess/Info-iOS.plist";
				INSTALL_PATH = "$(LOCAL_LIBRARY_DIR)/Frameworks";
				LD_RUNPATH_SEARCH_PATHS = "$(inherited) @executable_path/Frameworks @loader_path/Frameworks";
				MODULEMAP_FILE = "$(inherited)";
				PRODUCT_BUNDLE_IDENTIFIER = com.empiricalmagic.Hostess;
				PRODUCT_NAME = Hostess;
				SKIP_INSTALL = YES;
				SWIFT_OBJC_INTERFACE_HEADER_NAME = "$(SWIFT_MODULE_NAME)-Swift.h";
				SWIFT_VERSION = 3.0;
			};
			name = Release;
		};
		2AE8067E1CFDDE3200FDDB2F /* Debug */ = {
			isa = XCBuildConfiguration;
			buildSettings = {
				ALWAYS_EMBED_SWIFT_STANDARD_LIBRARIES = YES;
				DEVELOPMENT_TEAM = 67BU7Q9MHN;
				INFOPLIST_FILE = HostessTests/Info.plist;
				LD_RUNPATH_SEARCH_PATHS = "$(inherited) @executable_path/Frameworks @loader_path/Frameworks";
				PRODUCT_BUNDLE_IDENTIFIER = com.empiricalmagic.HostTests;
				PRODUCT_NAME = "$(TARGET_NAME)";
				SWIFT_VERSION = 3.0;
			};
			name = Debug;
		};
		2AE8067F1CFDDE3200FDDB2F /* Release */ = {
			isa = XCBuildConfiguration;
			buildSettings = {
				ALWAYS_EMBED_SWIFT_STANDARD_LIBRARIES = YES;
				DEVELOPMENT_TEAM = 67BU7Q9MHN;
				INFOPLIST_FILE = HostessTests/Info.plist;
				LD_RUNPATH_SEARCH_PATHS = "$(inherited) @executable_path/Frameworks @loader_path/Frameworks";
				PRODUCT_BUNDLE_IDENTIFIER = com.empiricalmagic.HostTests;
				PRODUCT_NAME = "$(TARGET_NAME)";
				SWIFT_VERSION = 3.0;
			};
			name = Release;
		};
		E851308D1E8EBD13005BEBE9 /* Debug */ = {
			isa = XCBuildConfiguration;
			buildSettings = {
				DEVELOPMENT_TEAM = 67BU7Q9MHN;
				PRODUCT_NAME = "$(TARGET_NAME)";
			};
			name = Debug;
		};
		E851308E1E8EBD13005BEBE9 /* Release */ = {
			isa = XCBuildConfiguration;
			buildSettings = {
				DEVELOPMENT_TEAM = 67BU7Q9MHN;
				PRODUCT_NAME = "$(TARGET_NAME)";
			};
			name = Release;
		};
		E878BC561E76200D00F4C97E /* Debug */ = {
			isa = XCBuildConfiguration;
			baseConfigurationReference = 2AE806A71CFDE62700FDDB2F /* Hostess.xcconfig */;
			buildSettings = {
				APPLICATION_EXTENSION_API_ONLY = YES;
				CLANG_ANALYZER_NUMBER_OBJECT_CONVERSION = YES_AGGRESSIVE;
				CLANG_WARN_DOCUMENTATION_COMMENTS = YES;
				CODE_SIGN_IDENTITY = "";
				DEFINES_MODULE = YES;
				DEVELOPMENT_TEAM = "";
				DYLIB_COMPATIBILITY_VERSION = 1;
				DYLIB_CURRENT_VERSION = 1;
				DYLIB_INSTALL_NAME_BASE = "@rpath";
				INFOPLIST_FILE = "Hostess/Info-watchOS.plist";
				INSTALL_PATH = "$(LOCAL_LIBRARY_DIR)/Frameworks";
				LD_RUNPATH_SEARCH_PATHS = "$(inherited) @executable_path/Frameworks @loader_path/Frameworks";
				PRODUCT_BUNDLE_IDENTIFIER = com.empiricalmagic.Hostess;
				PRODUCT_NAME = Hostess;
				PROVISIONING_PROFILE_SPECIFIER = "";
				SDKROOT = watchos;
				SKIP_INSTALL = YES;
				SWIFT_ACTIVE_COMPILATION_CONDITIONS = DEBUG;
				SWIFT_VERSION = 3.0;
				TARGETED_DEVICE_FAMILY = 4;
				WATCHOS_DEPLOYMENT_TARGET = 3.0;
			};
			name = Debug;
		};
		E878BC581E76200D00F4C97E /* Release */ = {
			isa = XCBuildConfiguration;
			baseConfigurationReference = 2AE806A71CFDE62700FDDB2F /* Hostess.xcconfig */;
			buildSettings = {
				APPLICATION_EXTENSION_API_ONLY = YES;
				CLANG_ANALYZER_NUMBER_OBJECT_CONVERSION = YES_AGGRESSIVE;
				CLANG_WARN_DOCUMENTATION_COMMENTS = YES;
				CODE_SIGN_IDENTITY = "";
				DEFINES_MODULE = YES;
				DEVELOPMENT_TEAM = "";
				DYLIB_COMPATIBILITY_VERSION = 1;
				DYLIB_CURRENT_VERSION = 1;
				DYLIB_INSTALL_NAME_BASE = "@rpath";
				INFOPLIST_FILE = "Hostess/Info-watchOS.plist";
				INSTALL_PATH = "$(LOCAL_LIBRARY_DIR)/Frameworks";
				LD_RUNPATH_SEARCH_PATHS = "$(inherited) @executable_path/Frameworks @loader_path/Frameworks";
				PRODUCT_BUNDLE_IDENTIFIER = com.empiricalmagic.Hostess;
				PRODUCT_NAME = Hostess;
				PROVISIONING_PROFILE_SPECIFIER = "";
				SDKROOT = watchos;
				SKIP_INSTALL = YES;
				SWIFT_VERSION = 3.0;
				TARGETED_DEVICE_FAMILY = 4;
				WATCHOS_DEPLOYMENT_TARGET = 3.0;
			};
			name = Release;
		};
		E8A36E8F1E7B41A100C3A3B1 /* Debug */ = {
			isa = XCBuildConfiguration;
			baseConfigurationReference = 2AE806A71CFDE62700FDDB2F /* Hostess.xcconfig */;
			buildSettings = {
				CLANG_ANALYZER_NUMBER_OBJECT_CONVERSION = YES_AGGRESSIVE;
				CLANG_WARN_DOCUMENTATION_COMMENTS = YES;
				CODE_SIGN_IDENTITY = "";
				DEFINES_MODULE = YES;
				DEVELOPMENT_TEAM = "";
				DYLIB_COMPATIBILITY_VERSION = 1;
				DYLIB_CURRENT_VERSION = 1;
				DYLIB_INSTALL_NAME_BASE = "@rpath";
				INFOPLIST_FILE = "Hostess/Info-tvOS.plist";
				INSTALL_PATH = "$(LOCAL_LIBRARY_DIR)/Frameworks";
				LD_RUNPATH_SEARCH_PATHS = "$(inherited) @executable_path/Frameworks @loader_path/Frameworks";
				PRODUCT_BUNDLE_IDENTIFIER = com.empiricalmagic.Hostess;
				PRODUCT_NAME = Hostess;
				PROVISIONING_PROFILE_SPECIFIER = "";
				SDKROOT = appletvos;
				SKIP_INSTALL = YES;
				SWIFT_ACTIVE_COMPILATION_CONDITIONS = DEBUG;
				SWIFT_VERSION = 3.0;
				TARGETED_DEVICE_FAMILY = 3;
				TVOS_DEPLOYMENT_TARGET = 10.1;
			};
			name = Debug;
		};
		E8A36E911E7B41A100C3A3B1 /* Release */ = {
			isa = XCBuildConfiguration;
			baseConfigurationReference = 2AE806A71CFDE62700FDDB2F /* Hostess.xcconfig */;
			buildSettings = {
				CLANG_ANALYZER_NUMBER_OBJECT_CONVERSION = YES_AGGRESSIVE;
				CLANG_WARN_DOCUMENTATION_COMMENTS = YES;
				CODE_SIGN_IDENTITY = "";
				DEFINES_MODULE = YES;
				DEVELOPMENT_TEAM = "";
				DYLIB_COMPATIBILITY_VERSION = 1;
				DYLIB_CURRENT_VERSION = 1;
				DYLIB_INSTALL_NAME_BASE = "@rpath";
				INFOPLIST_FILE = "Hostess/Info-tvOS.plist";
				INSTALL_PATH = "$(LOCAL_LIBRARY_DIR)/Frameworks";
				LD_RUNPATH_SEARCH_PATHS = "$(inherited) @executable_path/Frameworks @loader_path/Frameworks";
				PRODUCT_BUNDLE_IDENTIFIER = com.empiricalmagic.Hostess;
				PRODUCT_NAME = Hostess;
				PROVISIONING_PROFILE_SPECIFIER = "";
				SDKROOT = appletvos;
				SKIP_INSTALL = YES;
				SWIFT_VERSION = 3.0;
				TARGETED_DEVICE_FAMILY = 3;
				TVOS_DEPLOYMENT_TARGET = 10.1;
			};
			name = Release;
		};
/* End XCBuildConfiguration section */

/* Begin XCConfigurationList section */
		2AB7ACD71D5352EF00A5F64A /* Build configuration list for PBXNativeTarget "Hostess macOS" */ = {
			isa = XCConfigurationList;
			buildConfigurations = (
				2AB7ACD51D5352EF00A5F64A /* Debug */,
				2AB7ACD61D5352EF00A5F64A /* Release */,
			);
			defaultConfigurationIsVisible = 0;
			defaultConfigurationName = Release;
		};
		2AE806601CFDDE3200FDDB2F /* Build configuration list for PBXProject "Hostess" */ = {
			isa = XCConfigurationList;
			buildConfigurations = (
				2AE806781CFDDE3200FDDB2F /* Debug */,
				2AE806791CFDDE3200FDDB2F /* Release */,
			);
			defaultConfigurationIsVisible = 0;
			defaultConfigurationName = Release;
		};
		2AE8067A1CFDDE3200FDDB2F /* Build configuration list for PBXNativeTarget "Hostess iOS" */ = {
			isa = XCConfigurationList;
			buildConfigurations = (
				2AE8067B1CFDDE3200FDDB2F /* Debug */,
				2AE8067C1CFDDE3200FDDB2F /* Release */,
			);
			defaultConfigurationIsVisible = 0;
			defaultConfigurationName = Release;
		};
		2AE8067D1CFDDE3200FDDB2F /* Build configuration list for PBXNativeTarget "HostessTests" */ = {
			isa = XCConfigurationList;
			buildConfigurations = (
				2AE8067E1CFDDE3200FDDB2F /* Debug */,
				2AE8067F1CFDDE3200FDDB2F /* Release */,
			);
			defaultConfigurationIsVisible = 0;
			defaultConfigurationName = Release;
		};
		E851308C1E8EBD13005BEBE9 /* Build configuration list for PBXAggregateTarget "Build All" */ = {
			isa = XCConfigurationList;
			buildConfigurations = (
				E851308D1E8EBD13005BEBE9 /* Debug */,
				E851308E1E8EBD13005BEBE9 /* Release */,
			);
			defaultConfigurationIsVisible = 0;
			defaultConfigurationName = Release;
		};
		E878BC551E76200D00F4C97E /* Build configuration list for PBXNativeTarget "Hostess watchOS" */ = {
			isa = XCConfigurationList;
			buildConfigurations = (
				E878BC561E76200D00F4C97E /* Debug */,
				E878BC581E76200D00F4C97E /* Release */,
			);
			defaultConfigurationIsVisible = 0;
			defaultConfigurationName = Release;
		};
		E8A36E931E7B41A100C3A3B1 /* Build configuration list for PBXNativeTarget "Hostess tvOS" */ = {
			isa = XCConfigurationList;
			buildConfigurations = (
				E8A36E8F1E7B41A100C3A3B1 /* Debug */,
				E8A36E911E7B41A100C3A3B1 /* Release */,
			);
			defaultConfigurationIsVisible = 0;
			defaultConfigurationName = Release;
		};
/* End XCConfigurationList section */
	};
	rootObject = 2AE8065D1CFDDE3200FDDB2F /* Project object */;
}
